
Microsoft Visual Studio Solution File, Format Version 12.00
# Visual Studio Version 17
VisualStudioVersion = 17.9.34723.18
MinimumVisualStudioVersion = 10.0.40219.1
Project("{FAE04EC0-301F-11D3-BF4B-00C04F79EFBC}") = "chess.Api", "chess.Api\chess.Api.csproj", "{A3214869-F641-456D-BF17-5678E99028E8}"
EndProject
Project("{FAE04EC0-301F-11D3-BF4B-00C04F79EFBC}") = "chess.Application", "chess.Application\chess.Application.csproj", "{5DF6D0CB-B1D6-4A78-94E4-F67657D8F9A7}"
EndProject
Project("{FAE04EC0-301F-11D3-BF4B-00C04F79EFBC}") = "chess.Infrastructure", "chess.Infrastructure\chess.Infrastructure.csproj", "{ED054099-E777-48AC-AA5C-4A9235827A78}"
EndProject
Project("{FAE04EC0-301F-11D3-BF4B-00C04F79EFBC}") = "chess.Core", "chess.Core\chess.Core.csproj", "{09C91E0F-2E25-495A-9A46-B626FD0E886D}"
EndProject
Project("{FAE04EC0-301F-11D3-BF4B-00C04F79EFBC}") = "chess.Shared", "chess.Shared\chess.Shared.csproj", "{6D0F7754-E6E6-42DB-8DCF-DA77275165A8}"
EndProject
Global
	GlobalSection(SolutionConfigurationPlatforms) = preSolution
		Debug|Any CPU = Debug|Any CPU
		Release|Any CPU = Release|Any CPU
	EndGlobalSection
	GlobalSection(ProjectConfigurationPlatforms) = postSolution
		{A3214869-F641-456D-BF17-5678E99028E8}.Debug|Any CPU.ActiveCfg = Debug|Any CPU
		{A3214869-F641-456D-BF17-5678E99028E8}.Debug|Any CPU.Build.0 = Debug|Any CPU
		{A3214869-F641-456D-BF17-5678E99028E8}.Release|Any CPU.ActiveCfg = Release|Any CPU
		{A3214869-F641-456D-BF17-5678E99028E8}.Release|Any CPU.Build.0 = Release|Any CPU
		{5DF6D0CB-B1D6-4A78-94E4-F67657D8F9A7}.Debug|Any CPU.ActiveCfg = Debug|Any CPU
		{5DF6D0CB-B1D6-4A78-94E4-F67657D8F9A7}.Debug|Any CPU.Build.0 = Debug|Any CPU
		{5DF6D0CB-B1D6-4A78-94E4-F67657D8F9A7}.Release|Any CPU.ActiveCfg = Release|Any CPU
		{5DF6D0CB-B1D6-4A78-94E4-F67657D8F9A7}.Release|Any CPU.Build.0 = Release|Any CPU
		{ED054099-E777-48AC-AA5C-4A9235827A78}.Debug|Any CPU.ActiveCfg = Debug|Any CPU
		{ED054099-E777-48AC-AA5C-4A9235827A78}.Debug|Any CPU.Build.0 = Debug|Any CPU
		{ED054099-E777-48AC-AA5C-4A9235827A78}.Release|Any CPU.ActiveCfg = Release|Any CPU
		{ED054099-E777-48AC-AA5C-4A9235827A78}.Release|Any CPU.Build.0 = Release|Any CPU
		{09C91E0F-2E25-495A-9A46-B626FD0E886D}.Debug|Any CPU.ActiveCfg = Debug|Any CPU
		{09C91E0F-2E25-495A-9A46-B626FD0E886D}.Debug|Any CPU.Build.0 = Debug|Any CPU
		{09C91E0F-2E25-495A-9A46-B626FD0E886D}.Release|Any CPU.ActiveCfg = Release|Any CPU
		{09C91E0F-2E25-495A-9A46-B626FD0E886D}.Release|Any CPU.Build.0 = Release|Any CPU
		{6D0F7754-E6E6-42DB-8DCF-DA77275165A8}.Debug|Any CPU.ActiveCfg = Debug|Any CPU
		{6D0F7754-E6E6-42DB-8DCF-DA77275165A8}.Debug|Any CPU.Build.0 = Debug|Any CPU
		{6D0F7754-E6E6-42DB-8DCF-DA77275165A8}.Release|Any CPU.ActiveCfg = Release|Any CPU
		{6D0F7754-E6E6-42DB-8DCF-DA77275165A8}.Release|Any CPU.Build.0 = Release|Any CPU
	EndGlobalSection
	GlobalSection(SolutionProperties) = preSolution
		HideSolutionNode = FALSE
	EndGlobalSection
	GlobalSection(ExtensibilityGlobals) = postSolution
		SolutionGuid = {50EAAF14-A2BC-4857-967B-ECAD2BFCB707}
	EndGlobalSection
EndGlobal
